
Microsoft Visual Studio Solution File, Format Version 12.00
Project("{FAE04EC0-301F-11D3-BF4B-00C04F79EFBC}") = "SimpleCalculator", "SimpleCalculator\SimpleCalculator.csproj", "{9BAB2D83-1E33-4FDE-8F4F-D0A02EA1B381}"
EndProject
Global
	GlobalSection(SolutionConfigurationPlatforms) = preSolution
		Debug|Any CPU = Debug|Any CPU
		Release|Any CPU = Release|Any CPU
	EndGlobalSection
	GlobalSection(ProjectConfigurationPlatforms) = postSolution
		{9BAB2D83-1E33-4FDE-8F4F-D0A02EA1B381}.Debug|Any CPU.ActiveCfg = Debug|Any CPU
		{9BAB2D83-1E33-4FDE-8F4F-D0A02EA1B381}.Debug|Any CPU.Build.0 = Debug|Any CPU
		{9BAB2D83-1E33-4FDE-8F4F-D0A02EA1B381}.Release|Any CPU.ActiveCfg = Release|Any CPU
		{9BAB2D83-1E33-4FDE-8F4F-D0A02EA1B381}.Release|Any CPU.Build.0 = Release|Any CPU
	EndGlobalSection
EndGlobal
